
Microsoft Visual Studio Solution File, Format Version 12.00
# Visual Studio 15
VisualStudioVersion = 15.0.26228.9
MinimumVisualStudioVersion = 10.0.40219.1
Project("{9A19103F-16F7-4668-BE54-9A1E7A4F7556}") = "NewBoard", "NewBoard\NewBoard.csproj", "{2013C6CB-43B4-483D-AF7C-5BFC65CB1501}"
EndProject
Project("{9A19103F-16F7-4668-BE54-9A1E7A4F7556}") = "NewBoardRestApi", "NewBoardRestApi\NewBoardRestApi.csproj", "{1AD3FC07-DA4A-4344-A99A-1E9287F3FF67}"
EndProject
Project("{9A19103F-16F7-4668-BE54-9A1E7A4F7556}") = "DiscoverWebSite", "ext\DiscoverWebSite\DiscoverWebSite.csproj", "{F0849772-634E-457A-8474-4CD3E7CC41C0}"
EndProject
Project("{9A19103F-16F7-4668-BE54-9A1E7A4F7556}") = "ApiTools", "ext\ext\ApiTools\ApiTools.csproj", "{603C1F53-3AC8-40C0-8F41-74B0324D0580}"
EndProject
Project("{9A19103F-16F7-4668-BE54-9A1E7A4F7556}") = "ServerSideSpaTools", "ext\ext\ServerSideSpaTools\ServerSideSpaTools.csproj", "{24F716DF-D4E0-4854-8C99-AF0264007589}"
EndProject
Global
	GlobalSection(SolutionConfigurationPlatforms) = preSolution
		Debug|Any CPU = Debug|Any CPU
		Release|Any CPU = Release|Any CPU
	EndGlobalSection
	GlobalSection(ProjectConfigurationPlatforms) = postSolution
		{2013C6CB-43B4-483D-AF7C-5BFC65CB1501}.Debug|Any CPU.ActiveCfg = Debug|Any CPU
		{2013C6CB-43B4-483D-AF7C-5BFC65CB1501}.Debug|Any CPU.Build.0 = Debug|Any CPU
		{2013C6CB-43B4-483D-AF7C-5BFC65CB1501}.Release|Any CPU.ActiveCfg = Release|Any CPU
		{2013C6CB-43B4-483D-AF7C-5BFC65CB1501}.Release|Any CPU.Build.0 = Release|Any CPU
		{1AD3FC07-DA4A-4344-A99A-1E9287F3FF67}.Debug|Any CPU.ActiveCfg = Debug|Any CPU
		{1AD3FC07-DA4A-4344-A99A-1E9287F3FF67}.Debug|Any CPU.Build.0 = Debug|Any CPU
		{1AD3FC07-DA4A-4344-A99A-1E9287F3FF67}.Release|Any CPU.ActiveCfg = Release|Any CPU
		{1AD3FC07-DA4A-4344-A99A-1E9287F3FF67}.Release|Any CPU.Build.0 = Release|Any CPU
		{F0849772-634E-457A-8474-4CD3E7CC41C0}.Debug|Any CPU.ActiveCfg = Debug|Any CPU
		{F0849772-634E-457A-8474-4CD3E7CC41C0}.Debug|Any CPU.Build.0 = Debug|Any CPU
		{F0849772-634E-457A-8474-4CD3E7CC41C0}.Release|Any CPU.ActiveCfg = Release|Any CPU
		{F0849772-634E-457A-8474-4CD3E7CC41C0}.Release|Any CPU.Build.0 = Release|Any CPU
		{603C1F53-3AC8-40C0-8F41-74B0324D0580}.Debug|Any CPU.ActiveCfg = Debug|Any CPU
		{603C1F53-3AC8-40C0-8F41-74B0324D0580}.Debug|Any CPU.Build.0 = Debug|Any CPU
		{603C1F53-3AC8-40C0-8F41-74B0324D0580}.Release|Any CPU.ActiveCfg = Release|Any CPU
		{603C1F53-3AC8-40C0-8F41-74B0324D0580}.Release|Any CPU.Build.0 = Release|Any CPU
		{24F716DF-D4E0-4854-8C99-AF0264007589}.Debug|Any CPU.ActiveCfg = Debug|Any CPU
		{24F716DF-D4E0-4854-8C99-AF0264007589}.Debug|Any CPU.Build.0 = Debug|Any CPU
		{24F716DF-D4E0-4854-8C99-AF0264007589}.Release|Any CPU.ActiveCfg = Release|Any CPU
		{24F716DF-D4E0-4854-8C99-AF0264007589}.Release|Any CPU.Build.0 = Release|Any CPU
	EndGlobalSection
	GlobalSection(SolutionProperties) = preSolution
		HideSolutionNode = FALSE
	EndGlobalSection
EndGlobal
