
Microsoft Visual Studio Solution File, Format Version 12.00
# Visual Studio 14
VisualStudioVersion = 14.0.25420.1
MinimumVisualStudioVersion = 10.0.40219.1
Project("{2150E333-8FDC-42A3-9474-1A3956D46DE8}") = "src", "src", "{22E32126-BF61-4622-BEF6-3B40105390FF}"
EndProject
Project("{2150E333-8FDC-42A3-9474-1A3956D46DE8}") = "Solution Items", "Solution Items", "{2D3D6D26-1E6E-47EE-A596-74B977AF11CB}"
	ProjectSection(SolutionItems) = preProject
		global.json = global.json
		notes.txt = notes.txt
		NuggetConfig.json = NuggetConfig.json
	EndProjectSection
EndProject
Project("{8BB2217D-0F2D-49D1-97BC-3654ED321F3B}") = "NewsBoard", "NewsBoard\NewsBoard.xproj", "{D1C36784-0A87-4D90-80B0-7B219A38B5CE}"
EndProject
Project("{8BB2217D-0F2D-49D1-97BC-3654ED321F3B}") = "NewBoardRestApi", "NewBoardRestApi\NewBoardRestApi.xproj", "{5C7EE990-9483-43A6-8080-26DD268E0A85}"
EndProject
Project("{8BB2217D-0F2D-49D1-97BC-3654ED321F3B}") = "SiteParser", "SiteParser\SiteParser.xproj", "{18CD5602-4309-4AD5-887A-D40BA5CACE38}"
EndProject
Global
	GlobalSection(SolutionConfigurationPlatforms) = preSolution
		Debug|Any CPU = Debug|Any CPU
		Release|Any CPU = Release|Any CPU
	EndGlobalSection
	GlobalSection(ProjectConfigurationPlatforms) = postSolution
		{D1C36784-0A87-4D90-80B0-7B219A38B5CE}.Debug|Any CPU.ActiveCfg = Debug|Any CPU
		{D1C36784-0A87-4D90-80B0-7B219A38B5CE}.Debug|Any CPU.Build.0 = Debug|Any CPU
		{D1C36784-0A87-4D90-80B0-7B219A38B5CE}.Release|Any CPU.ActiveCfg = Release|Any CPU
		{D1C36784-0A87-4D90-80B0-7B219A38B5CE}.Release|Any CPU.Build.0 = Release|Any CPU
		{5C7EE990-9483-43A6-8080-26DD268E0A85}.Debug|Any CPU.ActiveCfg = Debug|Any CPU
		{5C7EE990-9483-43A6-8080-26DD268E0A85}.Debug|Any CPU.Build.0 = Debug|Any CPU
		{5C7EE990-9483-43A6-8080-26DD268E0A85}.Release|Any CPU.ActiveCfg = Release|Any CPU
		{5C7EE990-9483-43A6-8080-26DD268E0A85}.Release|Any CPU.Build.0 = Release|Any CPU
		{18CD5602-4309-4AD5-887A-D40BA5CACE38}.Debug|Any CPU.ActiveCfg = Debug|Any CPU
		{18CD5602-4309-4AD5-887A-D40BA5CACE38}.Debug|Any CPU.Build.0 = Debug|Any CPU
		{18CD5602-4309-4AD5-887A-D40BA5CACE38}.Release|Any CPU.ActiveCfg = Release|Any CPU
		{18CD5602-4309-4AD5-887A-D40BA5CACE38}.Release|Any CPU.Build.0 = Release|Any CPU
	EndGlobalSection
	GlobalSection(SolutionProperties) = preSolution
		HideSolutionNode = FALSE
	EndGlobalSection
	GlobalSection(NestedProjects) = preSolution
		{D1C36784-0A87-4D90-80B0-7B219A38B5CE} = {22E32126-BF61-4622-BEF6-3B40105390FF}
		{5C7EE990-9483-43A6-8080-26DD268E0A85} = {22E32126-BF61-4622-BEF6-3B40105390FF}
		{18CD5602-4309-4AD5-887A-D40BA5CACE38} = {22E32126-BF61-4622-BEF6-3B40105390FF}
	EndGlobalSection
EndGlobal
