
Microsoft Visual Studio Solution File, Format Version 12.00
# Visual Studio 14
VisualStudioVersion = 14.0.25420.1
MinimumVisualStudioVersion = 10.0.40219.1
Project("{2150E333-8FDC-42A3-9474-1A3956D46DE8}") = "src", "src", "{22E32126-BF61-4622-BEF6-3B40105390FF}"
EndProject
Project("{2150E333-8FDC-42A3-9474-1A3956D46DE8}") = "Solution Items", "Solution Items", "{2D3D6D26-1E6E-47EE-A596-74B977AF11CB}"
	ProjectSection(SolutionItems) = preProject
		global.json = global.json
		notes.txt = notes.txt
		NuggetConfig.json = NuggetConfig.json
	EndProjectSection
EndProject
Project("{8BB2217D-0F2D-49D1-97BC-3654ED321F3B}") = "NewsBoard", "NewsBoard\NewsBoard.xproj", "{D1C36784-0A87-4D90-80B0-7B219A38B5CE}"
EndProject
Project("{8BB2217D-0F2D-49D1-97BC-3654ED321F3B}") = "NewBoardRestApi", "NewBoardRestApi\NewBoardRestApi.xproj", "{5C7EE990-9483-43A6-8080-26DD268E0A85}"
EndProject
Project("{8BB2217D-0F2D-49D1-97BC-3654ED321F3B}") = "Selectable", "..\Selectable\Selectable\Selectable.xproj", "{8240EFA8-B8A7-42B0-9030-1FC0E658C218}"
EndProject
Project("{8BB2217D-0F2D-49D1-97BC-3654ED321F3B}") = "ServerSideSpaTools", "..\ServerSideSpaTools\ServerSideSpaTools\ServerSideSpaTools.xproj", "{EC420FD5-A955-4E8B-A043-691D761CFCA6}"
EndProject
Project("{8BB2217D-0F2D-49D1-97BC-3654ED321F3B}") = "DiscoverWebSiteApi", "..\DiscoverWebSite\DiscoverWebSiteApi\DiscoverWebSiteApi.xproj", "{2BAB96BB-2285-4C2B-894C-1F9D7192F87D}"
EndProject
Project("{8BB2217D-0F2D-49D1-97BC-3654ED321F3B}") = "ApiTools", "..\ServerSideSpaTools\ApiTools\ApiTools.xproj", "{CCFD2928-3060-4A2F-9F1D-D81CA1B926BE}"
EndProject
Global
	GlobalSection(SolutionConfigurationPlatforms) = preSolution
		Debug|Any CPU = Debug|Any CPU
		Release|Any CPU = Release|Any CPU
	EndGlobalSection
	GlobalSection(ProjectConfigurationPlatforms) = postSolution
		{D1C36784-0A87-4D90-80B0-7B219A38B5CE}.Debug|Any CPU.ActiveCfg = Debug|Any CPU
		{D1C36784-0A87-4D90-80B0-7B219A38B5CE}.Debug|Any CPU.Build.0 = Debug|Any CPU
		{D1C36784-0A87-4D90-80B0-7B219A38B5CE}.Release|Any CPU.ActiveCfg = Release|Any CPU
		{D1C36784-0A87-4D90-80B0-7B219A38B5CE}.Release|Any CPU.Build.0 = Release|Any CPU
		{5C7EE990-9483-43A6-8080-26DD268E0A85}.Debug|Any CPU.ActiveCfg = Debug|Any CPU
		{5C7EE990-9483-43A6-8080-26DD268E0A85}.Debug|Any CPU.Build.0 = Debug|Any CPU
		{5C7EE990-9483-43A6-8080-26DD268E0A85}.Release|Any CPU.ActiveCfg = Release|Any CPU
		{5C7EE990-9483-43A6-8080-26DD268E0A85}.Release|Any CPU.Build.0 = Release|Any CPU
		{8240EFA8-B8A7-42B0-9030-1FC0E658C218}.Debug|Any CPU.ActiveCfg = Debug|Any CPU
		{8240EFA8-B8A7-42B0-9030-1FC0E658C218}.Debug|Any CPU.Build.0 = Debug|Any CPU
		{8240EFA8-B8A7-42B0-9030-1FC0E658C218}.Release|Any CPU.ActiveCfg = Release|Any CPU
		{8240EFA8-B8A7-42B0-9030-1FC0E658C218}.Release|Any CPU.Build.0 = Release|Any CPU
		{EC420FD5-A955-4E8B-A043-691D761CFCA6}.Debug|Any CPU.ActiveCfg = Debug|Any CPU
		{EC420FD5-A955-4E8B-A043-691D761CFCA6}.Debug|Any CPU.Build.0 = Debug|Any CPU
		{EC420FD5-A955-4E8B-A043-691D761CFCA6}.Release|Any CPU.ActiveCfg = Release|Any CPU
		{EC420FD5-A955-4E8B-A043-691D761CFCA6}.Release|Any CPU.Build.0 = Release|Any CPU
		{2BAB96BB-2285-4C2B-894C-1F9D7192F87D}.Debug|Any CPU.ActiveCfg = Debug|Any CPU
		{2BAB96BB-2285-4C2B-894C-1F9D7192F87D}.Debug|Any CPU.Build.0 = Debug|Any CPU
		{2BAB96BB-2285-4C2B-894C-1F9D7192F87D}.Release|Any CPU.ActiveCfg = Release|Any CPU
		{2BAB96BB-2285-4C2B-894C-1F9D7192F87D}.Release|Any CPU.Build.0 = Release|Any CPU
		{CCFD2928-3060-4A2F-9F1D-D81CA1B926BE}.Debug|Any CPU.ActiveCfg = Debug|Any CPU
		{CCFD2928-3060-4A2F-9F1D-D81CA1B926BE}.Debug|Any CPU.Build.0 = Debug|Any CPU
		{CCFD2928-3060-4A2F-9F1D-D81CA1B926BE}.Release|Any CPU.ActiveCfg = Release|Any CPU
		{CCFD2928-3060-4A2F-9F1D-D81CA1B926BE}.Release|Any CPU.Build.0 = Release|Any CPU
	EndGlobalSection
	GlobalSection(SolutionProperties) = preSolution
		HideSolutionNode = FALSE
	EndGlobalSection
	GlobalSection(NestedProjects) = preSolution
		{D1C36784-0A87-4D90-80B0-7B219A38B5CE} = {22E32126-BF61-4622-BEF6-3B40105390FF}
		{5C7EE990-9483-43A6-8080-26DD268E0A85} = {22E32126-BF61-4622-BEF6-3B40105390FF}
		{8240EFA8-B8A7-42B0-9030-1FC0E658C218} = {22E32126-BF61-4622-BEF6-3B40105390FF}
		{EC420FD5-A955-4E8B-A043-691D761CFCA6} = {22E32126-BF61-4622-BEF6-3B40105390FF}
		{2BAB96BB-2285-4C2B-894C-1F9D7192F87D} = {22E32126-BF61-4622-BEF6-3B40105390FF}
		{CCFD2928-3060-4A2F-9F1D-D81CA1B926BE} = {22E32126-BF61-4622-BEF6-3B40105390FF}
	EndGlobalSection
EndGlobal
